
Microsoft Visual Studio Solution File, Format Version 12.00
# Visual Studio Version 17
VisualStudioVersion = 17.3.32825.248
MinimumVisualStudioVersion = 10.0.40219.1
Project("{FAE04EC0-301F-11D3-BF4B-00C04F79EFBC}") = "Architect Calculations", "Architect Calculations.csproj", "{132CEA55-0CC4-40B6-AF47-01DDB5E4C0C3}"
EndProject
Global
	GlobalSection(SolutionConfigurationPlatforms) = preSolution
		Debug|Any CPU = Debug|Any CPU
		Release|Any CPU = Release|Any CPU
	EndGlobalSection
	GlobalSection(ProjectConfigurationPlatforms) = postSolution
		{132CEA55-0CC4-40B6-AF47-01DDB5E4C0C3}.Debug|Any CPU.ActiveCfg = Debug|Any CPU
		{132CEA55-0CC4-40B6-AF47-01DDB5E4C0C3}.Debug|Any CPU.Build.0 = Debug|Any CPU
		{132CEA55-0CC4-40B6-AF47-01DDB5E4C0C3}.Release|Any CPU.ActiveCfg = Release|Any CPU
		{132CEA55-0CC4-40B6-AF47-01DDB5E4C0C3}.Release|Any CPU.Build.0 = Release|Any CPU
	EndGlobalSection
	GlobalSection(SolutionProperties) = preSolution
		HideSolutionNode = FALSE
	EndGlobalSection
	GlobalSection(ExtensibilityGlobals) = postSolution
		SolutionGuid = {D4044B69-2E0B-421C-8513-78A1D844FD29}
	EndGlobalSection
EndGlobal
